
Microsoft Visual Studio Solution File, Format Version 12.00
# Visual Studio 14
VisualStudioVersion = 14.0.25420.1
MinimumVisualStudioVersion = 10.0.40219.1
Project("{FAE04EC0-301F-11D3-BF4B-00C04F79EFBC}") = "ListNames", "ListNames\ListNames.csproj", "{D9AF3A0B-F8A3-4245-9E70-C187E7EFE7FE}"
EndProject
Global
	GlobalSection(SolutionConfigurationPlatforms) = preSolution
		Debug|Any CPU = Debug|Any CPU
		Release|Any CPU = Release|Any CPU
	EndGlobalSection
	GlobalSection(ProjectConfigurationPlatforms) = postSolution
		{D9AF3A0B-F8A3-4245-9E70-C187E7EFE7FE}.Debug|Any CPU.ActiveCfg = Debug|Any CPU
		{D9AF3A0B-F8A3-4245-9E70-C187E7EFE7FE}.Debug|Any CPU.Build.0 = Debug|Any CPU
		{D9AF3A0B-F8A3-4245-9E70-C187E7EFE7FE}.Release|Any CPU.ActiveCfg = Release|Any CPU
		{D9AF3A0B-F8A3-4245-9E70-C187E7EFE7FE}.Release|Any CPU.Build.0 = Release|Any CPU
	EndGlobalSection
	GlobalSection(SolutionProperties) = preSolution
		HideSolutionNode = FALSE
	EndGlobalSection
EndGlobal
